apiVersion: vendir.k14s.io/v1alpha1
directories:
- contents:
  - git:
      commitTitle: Merge branch 'kyverno:main' into main
      sha: f045abbea3f0c614fcd0864bfebf26ff400be20a
      tags:
      - reports-server-chart-0.1.0-alpha.1-11-gf045abb
    path: .
  path: helm/reports-server/charts/reports-server
kind: LockConfig
